
Microsoft Visual Studio Solution File, Format Version 12.00
# Visual Studio Version 16
VisualStudioVersion = 16.0.29806.167
MinimumVisualStudioVersion = 10.0.40219.1
Project("{FAE04EC0-301F-11D3-BF4B-00C04F79EFBC}") = "Vidly", "Vidly.csproj", "{424D2E9D-A037-4320-800A-496E01851703}"
EndProject
Global
	GlobalSection(SolutionConfigurationPlatforms) = preSolution
		Debug|Any CPU = Debug|Any CPU
		Release|Any CPU = Release|Any CPU
	EndGlobalSection
	GlobalSection(ProjectConfigurationPlatforms) = postSolution
		{424D2E9D-A037-4320-800A-496E01851703}.Debug|Any CPU.ActiveCfg = Debug|Any CPU
		{424D2E9D-A037-4320-800A-496E01851703}.Debug|Any CPU.Build.0 = Debug|Any CPU
		{424D2E9D-A037-4320-800A-496E01851703}.Release|Any CPU.ActiveCfg = Release|Any CPU
		{424D2E9D-A037-4320-800A-496E01851703}.Release|Any CPU.Build.0 = Release|Any CPU
	EndGlobalSection
	GlobalSection(SolutionProperties) = preSolution
		HideSolutionNode = FALSE
	EndGlobalSection
	GlobalSection(ExtensibilityGlobals) = postSolution
		SolutionGuid = {4A211649-0C1C-4B30-8222-143809D9C3D8}
	EndGlobalSection
EndGlobal
